// !$*UTF8*$!
{
	archiveVersion = 1;
	classes = {
	};
	objectVersion = 55;
	objects = {

/* Begin PBXBuildFile section */
		22D82C0C2E23EA9170F5F1EB /* Pods_MovieReview.framework in Frameworks */ = {isa = PBXBuildFile; fileRef = 99703612E58EFB82A2AF6B92 /* Pods_MovieReview.framework */; };
		B89DE9D71D85586CD5ED921E /* Pods_MovieReviewTests.framework in Frameworks */ = {isa = PBXBuildFile; fileRef = BCFAF5E94218C53ABBDAA7B0 /* Pods_MovieReviewTests.framework */; };
		C0006272285B0B7500B870CB /* AppDelegate.swift in Sources */ = {isa = PBXBuildFile; fileRef = C0006271285B0B7500B870CB /* AppDelegate.swift */; };
		C0006274285B0B7500B870CB /* SceneDelegate.swift in Sources */ = {isa = PBXBuildFile; fileRef = C0006273285B0B7500B870CB /* SceneDelegate.swift */; };
		C0006279285B0B7500B870CB /* Main.storyboard in Resources */ = {isa = PBXBuildFile; fileRef = C0006277285B0B7500B870CB /* Main.storyboard */; };
		C000627B285B0B7900B870CB /* Assets.xcassets in Resources */ = {isa = PBXBuildFile; fileRef = C000627A285B0B7900B870CB /* Assets.xcassets */; };
		C000627E285B0B7900B870CB /* LaunchScreen.storyboard in Resources */ = {isa = PBXBuildFile; fileRef = C000627C285B0B7900B870CB /* LaunchScreen.storyboard */; };
		C0006289285B0B7900B870CB /* MovieReviewTests.swift in Sources */ = {isa = PBXBuildFile; fileRef = C0006288285B0B7900B870CB /* MovieReviewTests.swift */; };
		C0006293285B0B7900B870CB /* MovieReviewUITests.swift in Sources */ = {isa = PBXBuildFile; fileRef = C0006292285B0B7900B870CB /* MovieReviewUITests.swift */; };
		C0006295285B0B7900B870CB /* MovieReviewUITestsLaunchTests.swift in Sources */ = {isa = PBXBuildFile; fileRef = C0006294285B0B7900B870CB /* MovieReviewUITestsLaunchTests.swift */; };
		C00062A2285CC16600B870CB /* LoginViewController.swift in Sources */ = {isa = PBXBuildFile; fileRef = C00062A1285CC16600B870CB /* LoginViewController.swift */; };
		C00062A4285CC19700B870CB /* SignUpViewController.swift in Sources */ = {isa = PBXBuildFile; fileRef = C00062A3285CC19700B870CB /* SignUpViewController.swift */; };
		C00062A6285DC98E00B870CB /* GoogleService-Info.plist in Resources */ = {isa = PBXBuildFile; fileRef = C00062A5285DC98E00B870CB /* GoogleService-Info.plist */; };
		C01B8EDA2865CAC500A5A600 /* MainViewController.swift in Sources */ = {isa = PBXBuildFile; fileRef = C01B8ED92865CAC500A5A600 /* MainViewController.swift */; };
		C01B8EDC28699B9900A5A600 /* MovieTableViewCell.swift in Sources */ = {isa = PBXBuildFile; fileRef = C01B8EDB28699B9900A5A600 /* MovieTableViewCell.swift */; };
		E0EEDAC3E80E52C7F21713A9 /* Pods_MovieReview_MovieReviewUITests.framework in Frameworks */ = {isa = PBXBuildFile; fileRef = A92EF7BC93B1B4CFAF07E825 /* Pods_MovieReview_MovieReviewUITests.framework */; };
/* End PBXBuildFile section */

/* Begin PBXContainerItemProxy section */
		C0006285285B0B7900B870CB /* PBXContainerItemProxy */ = {
			isa = PBXContainerItemProxy;
			containerPortal = C0006266285B0B7500B870CB /* Project object */;
			proxyType = 1;
			remoteGlobalIDString = C000626D285B0B7500B870CB;
			remoteInfo = MovieReview;
		};
		C000628F285B0B7900B870CB /* PBXContainerItemProxy */ = {
			isa = PBXContainerItemProxy;
			containerPortal = C0006266285B0B7500B870CB /* Project object */;
			proxyType = 1;
			remoteGlobalIDString = C000626D285B0B7500B870CB;
			remoteInfo = MovieReview;
		};
/* End PBXContainerItemProxy section */

/* Begin PBXFileReference section */
		027588ABE6C30D624A75E86A /* Pods-MovieReviewTests.release.xcconfig */ = {isa = PBXFileReference; includeInIndex = 1; lastKnownFileType = text.xcconfig; name = "Pods-MovieReviewTests.release.xcconfig"; path = "Target Support Files/Pods-MovieReviewTests/Pods-MovieReviewTests.release.xcconfig"; sourceTree = "<group>"; };
		6FB4D507483147968DAD0BDB /* Pods-MovieReview-MovieReviewUITests.debug.xcconfig */ = {isa = PBXFileReference; includeInIndex = 1; lastKnownFileType = text.xcconfig; name = "Pods-MovieReview-MovieReviewUITests.debug.xcconfig"; path = "Target Support Files/Pods-MovieReview-MovieReviewUITests/Pods-MovieReview-MovieReviewUITests.debug.xcconfig"; sourceTree = "<group>"; };
		89190D3A39B2FBC38F7C9DE2 /* Pods-MovieReview.release.xcconfig */ = {isa = PBXFileReference; includeInIndex = 1; lastKnownFileType = text.xcconfig; name = "Pods-MovieReview.release.xcconfig"; path = "Target Support Files/Pods-MovieReview/Pods-MovieReview.release.xcconfig"; sourceTree = "<group>"; };
		9659F4F7C0853058D5191352 /* Pods-MovieReview-MovieReviewUITests.release.xcconfig */ = {isa = PBXFileReference; includeInIndex = 1; lastKnownFileType = text.xcconfig; name = "Pods-MovieReview-MovieReviewUITests.release.xcconfig"; path = "Target Support Files/Pods-MovieReview-MovieReviewUITests/Pods-MovieReview-MovieReviewUITests.release.xcconfig"; sourceTree = "<group>"; };
		98D6B7A5A004885F686CE3B2 /* Pods-MovieReviewTests.debug.xcconfig */ = {isa = PBXFileReference; includeInIndex = 1; lastKnownFileType = text.xcconfig; name = "Pods-MovieReviewTests.debug.xcconfig"; path = "Target Support Files/Pods-MovieReviewTests/Pods-MovieReviewTests.debug.xcconfig"; sourceTree = "<group>"; };
		99703612E58EFB82A2AF6B92 /* Pods_MovieReview.framework */ = {isa = PBXFileReference; explicitFileType = wrapper.framework; includeInIndex = 0; path = Pods_MovieReview.framework; sourceTree = BUILT_PRODUCTS_DIR; };
		A92EF7BC93B1B4CFAF07E825 /* Pods_MovieReview_MovieReviewUITests.framework */ = {isa = PBXFileReference; explicitFileType = wrapper.framework; includeInIndex = 0; path = Pods_MovieReview_MovieReviewUITests.framework; sourceTree = BUILT_PRODUCTS_DIR; };
		BCFAF5E94218C53ABBDAA7B0 /* Pods_MovieReviewTests.framework */ = {isa = PBXFileReference; explicitFileType = wrapper.framework; includeInIndex = 0; path = Pods_MovieReviewTests.framework; sourceTree = BUILT_PRODUCTS_DIR; };
		C000626E285B0B7500B870CB /* MovieReview.app */ = {isa = PBXFileReference; explicitFileType = wrapper.application; includeInIndex = 0; path = MovieReview.app; sourceTree = BUILT_PRODUCTS_DIR; };
		C0006271285B0B7500B870CB /* AppDelegate.swift */ = {isa = PBXFileReference; lastKnownFileType = sourcecode.swift; path = AppDelegate.swift; sourceTree = "<group>"; };
		C0006273285B0B7500B870CB /* SceneDelegate.swift */ = {isa = PBXFileReference; lastKnownFileType = sourcecode.swift; path = SceneDelegate.swift; sourceTree = "<group>"; };
		C0006278285B0B7500B870CB /* Base */ = {isa = PBXFileReference; lastKnownFileType = file.storyboard; name = Base; path = Base.lproj/Main.storyboard; sourceTree = "<group>"; };
		C000627A285B0B7900B870CB /* Assets.xcassets */ = {isa = PBXFileReference; lastKnownFileType = folder.assetcatalog; path = Assets.xcassets; sourceTree = "<group>"; };
		C000627D285B0B7900B870CB /* Base */ = {isa = PBXFileReference; lastKnownFileType = file.storyboard; name = Base; path = Base.lproj/LaunchScreen.storyboard; sourceTree = "<group>"; };
		C000627F285B0B7900B870CB /* Info.plist */ = {isa = PBXFileReference; lastKnownFileType = text.plist.xml; path = Info.plist; sourceTree = "<group>"; };
		C0006284285B0B7900B870CB /* MovieReviewTests.xctest */ = {isa = PBXFileReference; explicitFileType = wrapper.cfbundle; includeInIndex = 0; path = MovieReviewTests.xctest; sourceTree = BUILT_PRODUCTS_DIR; };
		C0006288285B0B7900B870CB /* MovieReviewTests.swift */ = {isa = PBXFileReference; lastKnownFileType = sourcecode.swift; path = MovieReviewTests.swift; sourceTree = "<group>"; };
		C000628E285B0B7900B870CB /* MovieReviewUITests.xctest */ = {isa = PBXFileReference; explicitFileType = wrapper.cfbundle; includeInIndex = 0; path = MovieReviewUITests.xctest; sourceTree = BUILT_PRODUCTS_DIR; };
		C0006292285B0B7900B870CB /* MovieReviewUITests.swift */ = {isa = PBXFileReference; lastKnownFileType = sourcecode.swift; path = MovieReviewUITests.swift; sourceTree = "<group>"; };
		C0006294285B0B7900B870CB /* MovieReviewUITestsLaunchTests.swift */ = {isa = PBXFileReference; lastKnownFileType = sourcecode.swift; path = MovieReviewUITestsLaunchTests.swift; sourceTree = "<group>"; };
		C00062A1285CC16600B870CB /* LoginViewController.swift */ = {isa = PBXFileReference; lastKnownFileType = sourcecode.swift; path = LoginViewController.swift; sourceTree = "<group>"; };
		C00062A3285CC19700B870CB /* SignUpViewController.swift */ = {isa = PBXFileReference; lastKnownFileType = sourcecode.swift; path = SignUpViewController.swift; sourceTree = "<group>"; };
		C00062A5285DC98E00B870CB /* GoogleService-Info.plist */ = {isa = PBXFileReference; fileEncoding = 4; lastKnownFileType = text.plist.xml; path = "GoogleService-Info.plist"; sourceTree = "<group>"; };
		C01B8ED92865CAC500A5A600 /* MainViewController.swift */ = {isa = PBXFileReference; lastKnownFileType = sourcecode.swift; path = MainViewController.swift; sourceTree = "<group>"; };
		C01B8EDB28699B9900A5A600 /* MovieTableViewCell.swift */ = {isa = PBXFileReference; lastKnownFileType = sourcecode.swift; path = MovieTableViewCell.swift; sourceTree = "<group>"; };
		D2948ADD93EBBA6EB9B03D14 /* Pods-MovieReview.debug.xcconfig */ = {isa = PBXFileReference; includeInIndex = 1; lastKnownFileType = text.xcconfig; name = "Pods-MovieReview.debug.xcconfig"; path = "Target Support Files/Pods-MovieReview/Pods-MovieReview.debug.xcconfig"; sourceTree = "<group>"; };
/* End PBXFileReference section */

/* Begin PBXFrameworksBuildPhase section */
		C000626B285B0B7500B870CB /* Frameworks */ = {
			isa = PBXFrameworksBuildPhase;
			buildActionMask = 2147483647;
			files = (
				22D82C0C2E23EA9170F5F1EB /* Pods_MovieReview.framework in Frameworks */,
			);
			runOnlyForDeploymentPostprocessing = 0;
		};
		C0006281285B0B7900B870CB /* Frameworks */ = {
			isa = PBXFrameworksBuildPhase;
			buildActionMask = 2147483647;
			files = (
				B89DE9D71D85586CD5ED921E /* Pods_MovieReviewTests.framework in Frameworks */,
			);
			runOnlyForDeploymentPostprocessing = 0;
		};
		C000628B285B0B7900B870CB /* Frameworks */ = {
			isa = PBXFrameworksBuildPhase;
			buildActionMask = 2147483647;
			files = (
				E0EEDAC3E80E52C7F21713A9 /* Pods_MovieReview_MovieReviewUITests.framework in Frameworks */,
			);
			runOnlyForDeploymentPostprocessing = 0;
		};
/* End PBXFrameworksBuildPhase section */

/* Begin PBXGroup section */
		98505FFBF0208B5524D53B48 /* Frameworks */ = {
			isa = PBXGroup;
			children = (
				99703612E58EFB82A2AF6B92 /* Pods_MovieReview.framework */,
				A92EF7BC93B1B4CFAF07E825 /* Pods_MovieReview_MovieReviewUITests.framework */,
				BCFAF5E94218C53ABBDAA7B0 /* Pods_MovieReviewTests.framework */,
			);
			name = Frameworks;
			sourceTree = "<group>";
		};
		B1D9A9A347F80C706AD30A32 /* Pods */ = {
			isa = PBXGroup;
			children = (
				D2948ADD93EBBA6EB9B03D14 /* Pods-MovieReview.debug.xcconfig */,
				89190D3A39B2FBC38F7C9DE2 /* Pods-MovieReview.release.xcconfig */,
				6FB4D507483147968DAD0BDB /* Pods-MovieReview-MovieReviewUITests.debug.xcconfig */,
				9659F4F7C0853058D5191352 /* Pods-MovieReview-MovieReviewUITests.release.xcconfig */,
				98D6B7A5A004885F686CE3B2 /* Pods-MovieReviewTests.debug.xcconfig */,
				027588ABE6C30D624A75E86A /* Pods-MovieReviewTests.release.xcconfig */,
			);
			path = Pods;
			sourceTree = "<group>";
		};
		C0006265285B0B7500B870CB = {
			isa = PBXGroup;
			children = (
				C0006270285B0B7500B870CB /* MovieReview */,
				C0006287285B0B7900B870CB /* MovieReviewTests */,
				C0006291285B0B7900B870CB /* MovieReviewUITests */,
				C000626F285B0B7500B870CB /* Products */,
				B1D9A9A347F80C706AD30A32 /* Pods */,
				98505FFBF0208B5524D53B48 /* Frameworks */,
			);
			sourceTree = "<group>";
		};
		C000626F285B0B7500B870CB /* Products */ = {
			isa = PBXGroup;
			children = (
				C000626E285B0B7500B870CB /* MovieReview.app */,
				C0006284285B0B7900B870CB /* MovieReviewTests.xctest */,
				C000628E285B0B7900B870CB /* MovieReviewUITests.xctest */,
			);
			name = Products;
			sourceTree = "<group>";
		};
		C0006270285B0B7500B870CB /* MovieReview */ = {
			isa = PBXGroup;
			children = (
				C00062A5285DC98E00B870CB /* GoogleService-Info.plist */,
				C0006271285B0B7500B870CB /* AppDelegate.swift */,
				C0006273285B0B7500B870CB /* SceneDelegate.swift */,
				C0006277285B0B7500B870CB /* Main.storyboard */,
				C00062A1285CC16600B870CB /* LoginViewController.swift */,
				C01B8ED92865CAC500A5A600 /* MainViewController.swift */,
				C00062A3285CC19700B870CB /* SignUpViewController.swift */,
				C000627A285B0B7900B870CB /* Assets.xcassets */,
				C000627C285B0B7900B870CB /* LaunchScreen.storyboard */,
				C000627F285B0B7900B870CB /* Info.plist */,
				C01B8EDB28699B9900A5A600 /* MovieTableViewCell.swift */,
			);
			path = MovieReview;
			sourceTree = "<group>";
		};
		C0006287285B0B7900B870CB /* MovieReviewTests */ = {
			isa = PBXGroup;
			children = (
				C0006288285B0B7900B870CB /* MovieReviewTests.swift */,
			);
			path = MovieReviewTests;
			sourceTree = "<group>";
		};
		C0006291285B0B7900B870CB /* MovieReviewUITests */ = {
			isa = PBXGroup;
			children = (
				C0006292285B0B7900B870CB /* MovieReviewUITests.swift */,
				C0006294285B0B7900B870CB /* MovieReviewUITestsLaunchTests.swift */,
			);
			path = MovieReviewUITests;
			sourceTree = "<group>";
		};
/* End PBXGroup section */

/* Begin PBXNativeTarget section */
		C000626D285B0B7500B870CB /* MovieReview */ = {
			isa = PBXNativeTarget;
			buildConfigurationList = C0006298285B0B7900B870CB /* Build configuration list for PBXNativeTarget "MovieReview" */;
			buildPhases = (
				AA32B44A13BC83DF0A5164C1 /* [CP] Check Pods Manifest.lock */,
				C000626A285B0B7500B870CB /* Sources */,
				C000626B285B0B7500B870CB /* Frameworks */,
				C000626C285B0B7500B870CB /* Resources */,
				EFC1FA7B55CE54E436D304DA /* [CP] Embed Pods Frameworks */,
			);
			buildRules = (
			);
			dependencies = (
			);
			name = MovieReview;
			productName = MovieReview;
			productReference = C000626E285B0B7500B870CB /* MovieReview.app */;
			productType = "com.apple.product-type.application";
		};
		C0006283285B0B7900B870CB /* MovieReviewTests */ = {
			isa = PBXNativeTarget;
			buildConfigurationList = C000629B285B0B7900B870CB /* Build configuration list for PBXNativeTarget "MovieReviewTests" */;
			buildPhases = (
				9FE1B22202DEF66809946807 /* [CP] Check Pods Manifest.lock */,
				C0006280285B0B7900B870CB /* Sources */,
				C0006281285B0B7900B870CB /* Frameworks */,
				C0006282285B0B7900B870CB /* Resources */,
			);
			buildRules = (
			);
			dependencies = (
				C0006286285B0B7900B870CB /* PBXTargetDependency */,
			);
			name = MovieReviewTests;
			productName = MovieReviewTests;
			productReference = C0006284285B0B7900B870CB /* MovieReviewTests.xctest */;
			productType = "com.apple.product-type.bundle.unit-test";
		};
		C000628D285B0B7900B870CB /* MovieReviewUITests */ = {
			isa = PBXNativeTarget;
			buildConfigurationList = C000629E285B0B7900B870CB /* Build configuration list for PBXNativeTarget "MovieReviewUITests" */;
			buildPhases = (
				6B24FE509E1DEF8349030A05 /* [CP] Check Pods Manifest.lock */,
				C000628A285B0B7900B870CB /* Sources */,
				C000628B285B0B7900B870CB /* Frameworks */,
				C000628C285B0B7900B870CB /* Resources */,
				E632A7F7A22D11646E191910 /* [CP] Embed Pods Frameworks */,
			);
			buildRules = (
			);
			dependencies = (
				C0006290285B0B7900B870CB /* PBXTargetDependency */,
			);
			name = MovieReviewUITests;
			productName = MovieReviewUITests;
			productReference = C000628E285B0B7900B870CB /* MovieReviewUITests.xctest */;
			productType = "com.apple.product-type.bundle.ui-testing";
		};
/* End PBXNativeTarget section */

/* Begin PBXProject section */
		C0006266285B0B7500B870CB /* Project object */ = {
			isa = PBXProject;
			attributes = {
				BuildIndependentTargetsInParallel = 1;
				LastSwiftUpdateCheck = 1330;
				LastUpgradeCheck = 1330;
				TargetAttributes = {
					C000626D285B0B7500B870CB = {
						CreatedOnToolsVersion = 13.3.1;
					};
					C0006283285B0B7900B870CB = {
						CreatedOnToolsVersion = 13.3.1;
						TestTargetID = C000626D285B0B7500B870CB;
					};
					C000628D285B0B7900B870CB = {
						CreatedOnToolsVersion = 13.3.1;
						TestTargetID = C000626D285B0B7500B870CB;
					};
				};
			};
			buildConfigurationList = C0006269285B0B7500B870CB /* Build configuration list for PBXProject "MovieReview" */;
			compatibilityVersion = "Xcode 13.0";
			developmentRegion = en;
			hasScannedForEncodings = 0;
			knownRegions = (
				en,
				Base,
			);
			mainGroup = C0006265285B0B7500B870CB;
			productRefGroup = C000626F285B0B7500B870CB /* Products */;
			projectDirPath = "";
			projectRoot = "";
			targets = (
				C000626D285B0B7500B870CB /* MovieReview */,
				C0006283285B0B7900B870CB /* MovieReviewTests */,
				C000628D285B0B7900B870CB /* MovieReviewUITests */,
			);
		};
/* End PBXProject section */

/* Begin PBXResourcesBuildPhase section */
		C000626C285B0B7500B870CB /* Resources */ = {
			isa = PBXResourcesBuildPhase;
			buildActionMask = 2147483647;
			files = (
				C000627E285B0B7900B870CB /* LaunchScreen.storyboard in Resources */,
				C00062A6285DC98E00B870CB /* GoogleService-Info.plist in Resources */,
				C000627B285B0B7900B870CB /* Assets.xcassets in Resources */,
				C0006279285B0B7500B870CB /* Main.storyboard in Resources */,
			);
			runOnlyForDeploymentPostprocessing = 0;
		};
		C0006282285B0B7900B870CB /* Resources */ = {
			isa = PBXResourcesBuildPhase;
			buildActionMask = 2147483647;
			files = (
			);
			runOnlyForDeploymentPostprocessing = 0;
		};
		C000628C285B0B7900B870CB /* Resources */ = {
			isa = PBXResourcesBuildPhase;
			buildActionMask = 2147483647;
			files = (
			);
			runOnlyForDeploymentPostprocessing = 0;
		};
/* End PBXResourcesBuildPhase section */

/* Begin PBXShellScriptBuildPhase section */
		6B24FE509E1DEF8349030A05 /* [CP] Check Pods Manifest.lock */ = {
			isa = PBXShellScriptBuildPhase;
			buildActionMask = 2147483647;
			files = (
			);
			inputFileListPaths = (
			);
			inputPaths = (
				"${PODS_PODFILE_DIR_PATH}/Podfile.lock",
				"${PODS_ROOT}/Manifest.lock",
			);
			name = "[CP] Check Pods Manifest.lock";
			outputFileListPaths = (
			);
			outputPaths = (
				"$(DERIVED_FILE_DIR)/Pods-MovieReview-MovieReviewUITests-checkManifestLockResult.txt",
			);
			runOnlyForDeploymentPostprocessing = 0;
			shellPath = /bin/sh;
			shellScript = "diff \"${PODS_PODFILE_DIR_PATH}/Podfile.lock\" \"${PODS_ROOT}/Manifest.lock\" > /dev/null\nif [ $? != 0 ] ; then\n    # print error to STDERR\n    echo \"error: The sandbox is not in sync with the Podfile.lock. Run 'pod install' or update your CocoaPods installation.\" >&2\n    exit 1\nfi\n# This output is used by Xcode 'outputs' to avoid re-running this script phase.\necho \"SUCCESS\" > \"${SCRIPT_OUTPUT_FILE_0}\"\n";
			showEnvVarsInLog = 0;
		};
		9FE1B22202DEF66809946807 /* [CP] Check Pods Manifest.lock */ = {
			isa = PBXShellScriptBuildPhase;
			buildActionMask = 2147483647;
			files = (
			);
			inputFileListPaths = (
			);
			inputPaths = (
				"${PODS_PODFILE_DIR_PATH}/Podfile.lock",
				"${PODS_ROOT}/Manifest.lock",
			);
			name = "[CP] Check Pods Manifest.lock";
			outputFileListPaths = (
			);
			outputPaths = (
				"$(DERIVED_FILE_DIR)/Pods-MovieReviewTests-checkManifestLockResult.txt",
			);
			runOnlyForDeploymentPostprocessing = 0;
			shellPath = /bin/sh;
			shellScript = "diff \"${PODS_PODFILE_DIR_PATH}/Podfile.lock\" \"${PODS_ROOT}/Manifest.lock\" > /dev/null\nif [ $? != 0 ] ; then\n    # print error to STDERR\n    echo \"error: The sandbox is not in sync with the Podfile.lock. Run 'pod install' or update your CocoaPods installation.\" >&2\n    exit 1\nfi\n# This output is used by Xcode 'outputs' to avoid re-running this script phase.\necho \"SUCCESS\" > \"${SCRIPT_OUTPUT_FILE_0}\"\n";
			showEnvVarsInLog = 0;
		};
		AA32B44A13BC83DF0A5164C1 /* [CP] Check Pods Manifest.lock */ = {
			isa = PBXShellScriptBuildPhase;
			buildActionMask = 2147483647;
			files = (
			);
			inputFileListPaths = (
			);
			inputPaths = (
				"${PODS_PODFILE_DIR_PATH}/Podfile.lock",
				"${PODS_ROOT}/Manifest.lock",
			);
			name = "[CP] Check Pods Manifest.lock";
			outputFileListPaths = (
			);
			outputPaths = (
				"$(DERIVED_FILE_DIR)/Pods-MovieReview-checkManifestLockResult.txt",
			);
			runOnlyForDeploymentPostprocessing = 0;
			shellPath = /bin/sh;
			shellScript = "diff \"${PODS_PODFILE_DIR_PATH}/Podfile.lock\" \"${PODS_ROOT}/Manifest.lock\" > /dev/null\nif [ $? != 0 ] ; then\n    # print error to STDERR\n    echo \"error: The sandbox is not in sync with the Podfile.lock. Run 'pod install' or update your CocoaPods installation.\" >&2\n    exit 1\nfi\n# This output is used by Xcode 'outputs' to avoid re-running this script phase.\necho \"SUCCESS\" > \"${SCRIPT_OUTPUT_FILE_0}\"\n";
			showEnvVarsInLog = 0;
		};
		E632A7F7A22D11646E191910 /* [CP] Embed Pods Frameworks */ = {
			isa = PBXShellScriptBuildPhase;
			buildActionMask = 2147483647;
			files = (
			);
			inputFileListPaths = (
				"${PODS_ROOT}/Target Support Files/Pods-MovieReview-MovieReviewUITests/Pods-MovieReview-MovieReviewUITests-frameworks-${CONFIGURATION}-input-files.xcfilelist",
			);
			name = "[CP] Embed Pods Frameworks";
			outputFileListPaths = (
				"${PODS_ROOT}/Target Support Files/Pods-MovieReview-MovieReviewUITests/Pods-MovieReview-MovieReviewUITests-frameworks-${CONFIGURATION}-output-files.xcfilelist",
			);
			runOnlyForDeploymentPostprocessing = 0;
			shellPath = /bin/sh;
			shellScript = "\"${PODS_ROOT}/Target Support Files/Pods-MovieReview-MovieReviewUITests/Pods-MovieReview-MovieReviewUITests-frameworks.sh\"\n";
			showEnvVarsInLog = 0;
		};
		EFC1FA7B55CE54E436D304DA /* [CP] Embed Pods Frameworks */ = {
			isa = PBXShellScriptBuildPhase;
			buildActionMask = 2147483647;
			files = (
			);
			inputFileListPaths = (
				"${PODS_ROOT}/Target Support Files/Pods-MovieReview/Pods-MovieReview-frameworks-${CONFIGURATION}-input-files.xcfilelist",
			);
			name = "[CP] Embed Pods Frameworks";
			outputFileListPaths = (
				"${PODS_ROOT}/Target Support Files/Pods-MovieReview/Pods-MovieReview-frameworks-${CONFIGURATION}-output-files.xcfilelist",
			);
			runOnlyForDeploymentPostprocessing = 0;
			shellPath = /bin/sh;
			shellScript = "\"${PODS_ROOT}/Target Support Files/Pods-MovieReview/Pods-MovieReview-frameworks.sh\"\n";
			showEnvVarsInLog = 0;
		};
/* End PBXShellScriptBuildPhase section */

/* Begin PBXSourcesBuildPhase section */
		C000626A285B0B7500B870CB /* Sources */ = {
			isa = PBXSourcesBuildPhase;
			buildActionMask = 2147483647;
			files = (
				C00062A2285CC16600B870CB /* LoginViewController.swift in Sources */,
				C0006272285B0B7500B870CB /* AppDelegate.swift in Sources */,
				C01B8EDC28699B9900A5A600 /* MovieTableViewCell.swift in Sources */,
				C0006274285B0B7500B870CB /* SceneDelegate.swift in Sources */,
				C00062A4285CC19700B870CB /* SignUpViewController.swift in Sources */,
				C01B8EDA2865CAC500A5A600 /* MainViewController.swift in Sources */,
			);
			runOnlyForDeploymentPostprocessing = 0;
		};
		C0006280285B0B7900B870CB /* Sources */ = {
			isa = PBXSourcesBuildPhase;
			buildActionMask = 2147483647;
			files = (
				C0006289285B0B7900B870CB /* MovieReviewTests.swift in Sources */,
			);
			runOnlyForDeploymentPostprocessing = 0;
		};
		C000628A285B0B7900B870CB /* Sources */ = {
			isa = PBXSourcesBuildPhase;
			buildActionMask = 2147483647;
			files = (
				C0006293285B0B7900B870CB /* MovieReviewUITests.swift in Sources */,
				C0006295285B0B7900B870CB /* MovieReviewUITestsLaunchTests.swift in Sources */,
			);
			runOnlyForDeploymentPostprocessing = 0;
		};
/* End PBXSourcesBuildPhase section */

/* Begin PBXTargetDependency section */
		C0006286285B0B7900B870CB /* PBXTargetDependency */ = {
			isa = PBXTargetDependency;
			target = C000626D285B0B7500B870CB /* MovieReview */;
			targetProxy = C0006285285B0B7900B870CB /* PBXContainerItemProxy */;
		};
		C0006290285B0B7900B870CB /* PBXTargetDependency */ = {
			isa = PBXTargetDependency;
			target = C000626D285B0B7500B870CB /* MovieReview */;
			targetProxy = C000628F285B0B7900B870CB /* PBXContainerItemProxy */;
		};
/* End PBXTargetDependency section */

/* Begin PBXVariantGroup section */
		C0006277285B0B7500B870CB /* Main.storyboard */ = {
			isa = PBXVariantGroup;
			children = (
				C0006278285B0B7500B870CB /* Base */,
			);
			name = Main.storyboard;
			sourceTree = "<group>";
		};
		C000627C285B0B7900B870CB /* LaunchScreen.storyboard */ = {
			isa = PBXVariantGroup;
			children = (
				C000627D285B0B7900B870CB /* Base */,
			);
			name = LaunchScreen.storyboard;
			sourceTree = "<group>";
		};
/* End PBXVariantGroup section */

/* Begin XCBuildConfiguration section */
		C0006296285B0B7900B870CB /* Debug */ = {
			isa = XCBuildConfiguration;
			buildSettings = {
				ALWAYS_SEARCH_USER_PATHS = NO;
				CLANG_ANALYZER_NONNULL = YES;
				CLANG_ANALYZER_NUMBER_OBJECT_CONVERSION = YES_AGGRESSIVE;
				CLANG_CXX_LANGUAGE_STANDARD = "gnu++17";
				CLANG_ENABLE_MODULES = YES;
				CLANG_ENABLE_OBJC_ARC = YES;
				CLANG_ENABLE_OBJC_WEAK = YES;
				CLANG_WARN_BLOCK_CAPTURE_AUTORELEASING = YES;
				CLANG_WARN_BOOL_CONVERSION = YES;
				CLANG_WARN_COMMA = YES;
				CLANG_WARN_CONSTANT_CONVERSION = YES;
				CLANG_WARN_DEPRECATED_OBJC_IMPLEMENTATIONS = YES;
				CLANG_WARN_DIRECT_OBJC_ISA_USAGE = YES_ERROR;
				CLANG_WARN_DOCUMENTATION_COMMENTS = YES;
				CLANG_WARN_EMPTY_BODY = YES;
				CLANG_WARN_ENUM_CONVERSION = YES;
				CLANG_WARN_INFINITE_RECURSION = YES;
				CLANG_WARN_INT_CONVERSION = YES;
				CLANG_WARN_NON_LITERAL_NULL_CONVERSION = YES;
				CLANG_WARN_OBJC_IMPLICIT_RETAIN_SELF = YES;
				CLANG_WARN_OBJC_LITERAL_CONVERSION = YES;
				CLANG_WARN_OBJC_ROOT_CLASS = YES_ERROR;
				CLANG_WARN_QUOTED_INCLUDE_IN_FRAMEWORK_HEADER = YES;
				CLANG_WARN_RANGE_LOOP_ANALYSIS = YES;
				CLANG_WARN_STRICT_PROTOTYPES = YES;
				CLANG_WARN_SUSPICIOUS_MOVE = YES;
				CLANG_WARN_UNGUARDED_AVAILABILITY = YES_AGGRESSIVE;
				CLANG_WARN_UNREACHABLE_CODE = YES;
				CLANG_WARN__DUPLICATE_METHOD_MATCH = YES;
				COPY_PHASE_STRIP = NO;
				DEBUG_INFORMATION_FORMAT = dwarf;
				ENABLE_STRICT_OBJC_MSGSEND = YES;
				ENABLE_TESTABILITY = YES;
				GCC_C_LANGUAGE_STANDARD = gnu11;
				GCC_DYNAMIC_NO_PIC = NO;
				GCC_NO_COMMON_BLOCKS = YES;
				GCC_OPTIMIZATION_LEVEL = 0;
				GCC_PREPROCESSOR_DEFINITIONS = (
					"DEBUG=1",
					"$(inherited)",
				);
				GCC_WARN_64_TO_32_BIT_CONVERSION = YES;
				GCC_WARN_ABOUT_RETURN_TYPE = YES_ERROR;
				GCC_WARN_UNDECLARED_SELECTOR = YES;
				GCC_WARN_UNINITIALIZED_AUTOS = YES_AGGRESSIVE;
				GCC_WARN_UNUSED_FUNCTION = YES;
				GCC_WARN_UNUSED_VARIABLE = YES;
				IPHONEOS_DEPLOYMENT_TARGET = 15.4;
				MTL_ENABLE_DEBUG_INFO = INCLUDE_SOURCE;
				MTL_FAST_MATH = YES;
				ONLY_ACTIVE_ARCH = YES;
				SDKROOT = iphoneos;
				SWIFT_ACTIVE_COMPILATION_CONDITIONS = DEBUG;
				SWIFT_OPTIMIZATION_LEVEL = "-Onone";
			};
			name = Debug;
		};
		C0006297285B0B7900B870CB /* Release */ = {
			isa = XCBuildConfiguration;
			buildSettings = {
				ALWAYS_SEARCH_USER_PATHS = NO;
				CLANG_ANALYZER_NONNULL = YES;
				CLANG_ANALYZER_NUMBER_OBJECT_CONVERSION = YES_AGGRESSIVE;
				CLANG_CXX_LANGUAGE_STANDARD = "gnu++17";
				CLANG_ENABLE_MODULES = YES;
				CLANG_ENABLE_OBJC_ARC = YES;
				CLANG_ENABLE_OBJC_WEAK = YES;
				CLANG_WARN_BLOCK_CAPTURE_AUTORELEASING = YES;
				CLANG_WARN_BOOL_CONVERSION = YES;
				CLANG_WARN_COMMA = YES;
				CLANG_WARN_CONSTANT_CONVERSION = YES;
				CLANG_WARN_DEPRECATED_OBJC_IMPLEMENTATIONS = YES;
				CLANG_WARN_DIRECT_OBJC_ISA_USAGE = YES_ERROR;
				CLANG_WARN_DOCUMENTATION_COMMENTS = YES;
				CLANG_WARN_EMPTY_BODY = YES;
				CLANG_WARN_ENUM_CONVERSION = YES;
				CLANG_WARN_INFINITE_RECURSION = YES;
				CLANG_WARN_INT_CONVERSION = YES;
				CLANG_WARN_NON_LITERAL_NULL_CONVERSION = YES;
				CLANG_WARN_OBJC_IMPLICIT_RETAIN_SELF = YES;
				CLANG_WARN_OBJC_LITERAL_CONVERSION = YES;
				CLANG_WARN_OBJC_ROOT_CLASS = YES_ERROR;
				CLANG_WARN_QUOTED_INCLUDE_IN_FRAMEWORK_HEADER = YES;
				CLANG_WARN_RANGE_LOOP_ANALYSIS = YES;
				CLANG_WARN_STRICT_PROTOTYPES = YES;
				CLANG_WARN_SUSPICIOUS_MOVE = YES;
				CLANG_WARN_UNGUARDED_AVAILABILITY = YES_AGGRESSIVE;
				CLANG_WARN_UNREACHABLE_CODE = YES;
				CLANG_WARN__DUPLICATE_METHOD_MATCH = YES;
				COPY_PHASE_STRIP = NO;
				DEBUG_INFORMATION_FORMAT = "dwarf-with-dsym";
				ENABLE_NS_ASSERTIONS = NO;
				ENABLE_STRICT_OBJC_MSGSEND = YES;
				GCC_C_LANGUAGE_STANDARD = gnu11;
				GCC_NO_COMMON_BLOCKS = YES;
				GCC_WARN_64_TO_32_BIT_CONVERSION = YES;
				GCC_WARN_ABOUT_RETURN_TYPE = YES_ERROR;
				GCC_WARN_UNDECLARED_SELECTOR = YES;
				GCC_WARN_UNINITIALIZED_AUTOS = YES_AGGRESSIVE;
				GCC_WARN_UNUSED_FUNCTION = YES;
				GCC_WARN_UNUSED_VARIABLE = YES;
				IPHONEOS_DEPLOYMENT_TARGET = 15.4;
				MTL_ENABLE_DEBUG_INFO = NO;
				MTL_FAST_MATH = YES;
				SDKROOT = iphoneos;
				SWIFT_COMPILATION_MODE = wholemodule;
				SWIFT_OPTIMIZATION_LEVEL = "-O";
				VALIDATE_PRODUCT = YES;
			};
			name = Release;
		};
		C0006299285B0B7900B870CB /* Debug */ = {
			isa = XCBuildConfiguration;
			baseConfigurationReference = D2948ADD93EBBA6EB9B03D14 /* Pods-MovieReview.debug.xcconfig */;
			buildSettings = {
				ASSETCATALOG_COMPILER_APPICON_NAME = AppIcon;
				ASSETCATALOG_COMPILER_GLOBAL_ACCENT_COLOR_NAME = AccentColor;
				CODE_SIGN_STYLE = Automatic;
				CURRENT_PROJECT_VERSION = 1;
				GENERATE_INFOPLIST_FILE = YES;
				INFOPLIST_FILE = MovieReview/Info.plist;
				INFOPLIST_KEY_UIApplicationSupportsIndirectInputEvents = YES;
				INFOPLIST_KEY_UILaunchStoryboardName = LaunchScreen;
				INFOPLIST_KEY_UIMainStoryboardFile = Main;
				INFOPLIST_KEY_UISupportedInterfaceOrientations_iPad = "UIInterfaceOrientationPortrait UIInterfaceOrientationPortraitUpsideDown UIInterfaceOrientationLandscapeLeft UIInterfaceOrientationLandscapeRight";
				INFOPLIST_KEY_UISupportedInterfaceOrientations_iPhone = "UIInterfaceOrientationPortrait UIInterfaceOrientationLandscapeLeft UIInterfaceOrientationLandscapeRight";
				LD_RUNPATH_SEARCH_PATHS = (
					"$(inherited)",
					"@executable_path/Frameworks",
				);
				MARKETING_VERSION = 1.0;
				PRODUCT_BUNDLE_IDENTIFIER = com.AsafChen.MovieReview;
				PRODUCT_NAME = "$(TARGET_NAME)";
				SWIFT_EMIT_LOC_STRINGS = YES;
				SWIFT_VERSION = 5.0;
				TARGETED_DEVICE_FAMILY = "1,2";
			};
			name = Debug;
		};
		C000629A285B0B7900B870CB /* Release */ = {
			isa = XCBuildConfiguration;
			baseConfigurationReference = 89190D3A39B2FBC38F7C9DE2 /* Pods-MovieReview.release.xcconfig */;
			buildSettings = {
				ASSETCATALOG_COMPILER_APPICON_NAME = AppIcon;
				ASSETCATALOG_COMPILER_GLOBAL_ACCENT_COLOR_NAME = AccentColor;
				CODE_SIGN_STYLE = Automatic;
				CURRENT_PROJECT_VERSION = 1;
				GENERATE_INFOPLIST_FILE = YES;
				INFOPLIST_FILE = MovieReview/Info.plist;
				INFOPLIST_KEY_UIApplicationSupportsIndirectInputEvents = YES;
				INFOPLIST_KEY_UILaunchStoryboardName = LaunchScreen;
				INFOPLIST_KEY_UIMainStoryboardFile = Main;
				INFOPLIST_KEY_UISupportedInterfaceOrientations_iPad = "UIInterfaceOrientationPortrait UIInterfaceOrientationPortraitUpsideDown UIInterfaceOrientationLandscapeLeft UIInterfaceOrientationLandscapeRight";
				INFOPLIST_KEY_UISupportedInterfaceOrientations_iPhone = "UIInterfaceOrientationPortrait UIInterfaceOrientationLandscapeLeft UIInterfaceOrientationLandscapeRight";
				LD_RUNPATH_SEARCH_PATHS = (
					"$(inherited)",
					"@executable_path/Frameworks",
				);
				MARKETING_VERSION = 1.0;
				PRODUCT_BUNDLE_IDENTIFIER = com.AsafChen.MovieReview;
				PRODUCT_NAME = "$(TARGET_NAME)";
				SWIFT_EMIT_LOC_STRINGS = YES;
				SWIFT_VERSION = 5.0;
				TARGETED_DEVICE_FAMILY = "1,2";
			};
			name = Release;
		};
		C000629C285B0B7900B870CB /* Debug */ = {
			isa = XCBuildConfiguration;
			baseConfigurationReference = 98D6B7A5A004885F686CE3B2 /* Pods-MovieReviewTests.debug.xcconfig */;
			buildSettings = {
				ALWAYS_EMBED_SWIFT_STANDARD_LIBRARIES = YES;
				BUNDLE_LOADER = "$(TEST_HOST)";
				CODE_SIGN_STYLE = Automatic;
				CURRENT_PROJECT_VERSION = 1;
				GENERATE_INFOPLIST_FILE = YES;
				IPHONEOS_DEPLOYMENT_TARGET = 15.4;
				MARKETING_VERSION = 1.0;
				PRODUCT_BUNDLE_IDENTIFIER = com.AsafChen.MovieReviewTests;
				PRODUCT_NAME = "$(TARGET_NAME)";
				SWIFT_EMIT_LOC_STRINGS = NO;
				SWIFT_VERSION = 5.0;
				TARGETED_DEVICE_FAMILY = "1,2";
				TEST_HOST = "$(BUILT_PRODUCTS_DIR)/MovieReview.app/MovieReview";
			};
			name = Debug;
		};
		C000629D285B0B7900B870CB /* Release */ = {
			isa = XCBuildConfiguration;
			baseConfigurationReference = 027588ABE6C30D624A75E86A /* Pods-MovieReviewTests.release.xcconfig */;
			buildSettings = {
				ALWAYS_EMBED_SWIFT_STANDARD_LIBRARIES = YES;
				BUNDLE_LOADER = "$(TEST_HOST)";
				CODE_SIGN_STYLE = Automatic;
				CURRENT_PROJECT_VERSION = 1;
				GENERATE_INFOPLIST_FILE = YES;
				IPHONEOS_DEPLOYMENT_TARGET = 15.4;
				MARKETING_VERSION = 1.0;
				PRODUCT_BUNDLE_IDENTIFIER = com.AsafChen.MovieReviewTests;
				PRODUCT_NAME = "$(TARGET_NAME)";
				SWIFT_EMIT_LOC_STRINGS = NO;
				SWIFT_VERSION = 5.0;
				TARGETED_DEVICE_FAMILY = "1,2";
				TEST_HOST = "$(BUILT_PRODUCTS_DIR)/MovieReview.app/MovieReview";
			};
			name = Release;
		};
		C000629F285B0B7900B870CB /* Debug */ = {
			isa = XCBuildConfiguration;
			baseConfigurationReference = 6FB4D507483147968DAD0BDB /* Pods-MovieReview-MovieReviewUITests.debug.xcconfig */;
			buildSettings = {
				ALWAYS_EMBED_SWIFT_STANDARD_LIBRARIES = YES;
				CODE_SIGN_STYLE = Automatic;
				CURRENT_PROJECT_VERSION = 1;
				GENERATE_INFOPLIST_FILE = YES;
				MARKETING_VERSION = 1.0;
				PRODUCT_BUNDLE_IDENTIFIER = com.AsafChen.MovieReviewUITests;
				PRODUCT_NAME = "$(TARGET_NAME)";
				SWIFT_EMIT_LOC_STRINGS = NO;
				SWIFT_VERSION = 5.0;
				TARGETED_DEVICE_FAMILY = "1,2";
				TEST_TARGET_NAME = MovieReview;
			};
			name = Debug;
		};
		C00062A0285B0B7900B870CB /* Release */ = {
			isa = XCBuildConfiguration;
			baseConfigurationReference = 9659F4F7C0853058D5191352 /* Pods-MovieReview-MovieReviewUITests.release.xcconfig */;
			buildSettings = {
				ALWAYS_EMBED_SWIFT_STANDARD_LIBRARIES = YES;
				CODE_SIGN_STYLE = Automatic;
				CURRENT_PROJECT_VERSION = 1;
				GENERATE_INFOPLIST_FILE = YES;
				MARKETING_VERSION = 1.0;
				PRODUCT_BUNDLE_IDENTIFIER = com.AsafChen.MovieReviewUITests;
				PRODUCT_NAME = "$(TARGET_NAME)";
				SWIFT_EMIT_LOC_STRINGS = NO;
				SWIFT_VERSION = 5.0;
				TARGETED_DEVICE_FAMILY = "1,2";
				TEST_TARGET_NAME = MovieReview;
			};
			name = Release;
		};
/* End XCBuildConfiguration section */

/* Begin XCConfigurationList section */
		C0006269285B0B7500B870CB /* Build configuration list for PBXProject "MovieReview" */ = {
			isa = XCConfigurationList;
			buildConfigurations = (
				C0006296285B0B7900B870CB /* Debug */,
				C0006297285B0B7900B870CB /* Release */,
			);
			defaultConfigurationIsVisible = 0;
			defaultConfigurationName = Release;
		};
		C0006298285B0B7900B870CB /* Build configuration list for PBXNativeTarget "MovieReview" */ = {
			isa = XCConfigurationList;
			buildConfigurations = (
				C0006299285B0B7900B870CB /* Debug */,
				C000629A285B0B7900B870CB /* Release */,
			);
			defaultConfigurationIsVisible = 0;
			defaultConfigurationName = Release;
		};
		C000629B285B0B7900B870CB /* Build configuration list for PBXNativeTarget "MovieReviewTests" */ = {
			isa = XCConfigurationList;
			buildConfigurations = (
				C000629C285B0B7900B870CB /* Debug */,
				C000629D285B0B7900B870CB /* Release */,
			);
			defaultConfigurationIsVisible = 0;
			defaultConfigurationName = Release;
		};
		C000629E285B0B7900B870CB /* Build configuration list for PBXNativeTarget "MovieReviewUITests" */ = {
			isa = XCConfigurationList;
			buildConfigurations = (
				C000629F285B0B7900B870CB /* Debug */,
				C00062A0285B0B7900B870CB /* Release */,
			);
			defaultConfigurationIsVisible = 0;
			defaultConfigurationName = Release;
		};
/* End XCConfigurationList section */
	};
	rootObject = C0006266285B0B7500B870CB /* Project object */;
}
